
Microsoft Visual Studio Solution File, Format Version 12.00
# Visual Studio Version 16
VisualStudioVersion = 16.0.30011.22
MinimumVisualStudioVersion = 10.0.40219.1
Project("{FAE04EC0-301F-11D3-BF4B-00C04F79EFBC}") = "BoardGame Player Information Tracker", "BoardGame Player Information Tracker\BoardGame Player Information Tracker.csproj", "{3A97D9F5-5C7D-45EB-9BD7-90F8D5A73186}"
EndProject
Global
	GlobalSection(SolutionConfigurationPlatforms) = preSolution
		Debug|Any CPU = Debug|Any CPU
		Release|Any CPU = Release|Any CPU
	EndGlobalSection
	GlobalSection(ProjectConfigurationPlatforms) = postSolution
		{3A97D9F5-5C7D-45EB-9BD7-90F8D5A73186}.Debug|Any CPU.ActiveCfg = Debug|Any CPU
		{3A97D9F5-5C7D-45EB-9BD7-90F8D5A73186}.Debug|Any CPU.Build.0 = Debug|Any CPU
		{3A97D9F5-5C7D-45EB-9BD7-90F8D5A73186}.Release|Any CPU.ActiveCfg = Release|Any CPU
		{3A97D9F5-5C7D-45EB-9BD7-90F8D5A73186}.Release|Any CPU.Build.0 = Release|Any CPU
	EndGlobalSection
	GlobalSection(SolutionProperties) = preSolution
		HideSolutionNode = FALSE
	EndGlobalSection
	GlobalSection(ExtensibilityGlobals) = postSolution
		SolutionGuid = {C3D5E8F7-7AE3-4BCC-A2F9-40DBD8049168}
	EndGlobalSection
EndGlobal
